{
  "name": "sample-app",
  "version": "1.0.0",
  "lockfileVersion": 3,
  "requires": true,
  "packages": {
    "": {
      "name": "sample-app",
      "version": "1.0.0",
      "dependencies": {
        "express": "^4.16.0"
      }
    },
    "node_modules/express": {
      "version": "4.16.0",
      "license": "MIT"
    },
    "node_modules/express/node_modules/qs": {
      "version": "6.5.1",
      "license": "BSD-3-Clause"
    },
    "node_modules/lodash": {
      "version": "4.17.15",
      "license": "MIT"
    },
    "node_modules/minimist": {
      "version": "0.0.8",
      "license": "MIT"
    }
  }
}
